
Microsoft Visual Studio Solution File, Format Version 12.00
# Visual Studio Version 17
VisualStudioVersion = 17.4.33122.133
MinimumVisualStudioVersion = 10.0.40219.1
Project("{FAE04EC0-301F-11D3-BF4B-00C04F79EFBC}") = "ProjectJugueteria", "ProjectJugueteria\ProjectJugueteria.csproj", "{3B5A0FE9-B835-4E2B-B546-91DD8B3D4CE8}"
EndProject
Global
	GlobalSection(SolutionConfigurationPlatforms) = preSolution
		Debug|Any CPU = Debug|Any CPU
		Release|Any CPU = Release|Any CPU
	EndGlobalSection
	GlobalSection(ProjectConfigurationPlatforms) = postSolution
		{3B5A0FE9-B835-4E2B-B546-91DD8B3D4CE8}.Debug|Any CPU.ActiveCfg = Debug|Any CPU
		{3B5A0FE9-B835-4E2B-B546-91DD8B3D4CE8}.Debug|Any CPU.Build.0 = Debug|Any CPU
		{3B5A0FE9-B835-4E2B-B546-91DD8B3D4CE8}.Release|Any CPU.ActiveCfg = Release|Any CPU
		{3B5A0FE9-B835-4E2B-B546-91DD8B3D4CE8}.Release|Any CPU.Build.0 = Release|Any CPU
	EndGlobalSection
	GlobalSection(SolutionProperties) = preSolution
		HideSolutionNode = FALSE
	EndGlobalSection
	GlobalSection(ExtensibilityGlobals) = postSolution
		SolutionGuid = {9E44191E-CB62-4D1B-A9E5-DFC71055BDC9}
	EndGlobalSection
EndGlobal
